
Microsoft Visual Studio Solution File, Format Version 12.00
# Visual Studio Version 17
VisualStudioVersion = 17.0.32014.148
MinimumVisualStudioVersion = 10.0.40219.1
Project("{9A19103F-16F7-4668-BE54-9A1E7A4F7556}") = "Univie.Assistant.Crawler", "Univie.Assistant.Crawler\Univie.Assistant.Crawler.csproj", "{05C19C39-4547-4366-8D93-715CFA923DEE}"
EndProject
Project("{9A19103F-16F7-4668-BE54-9A1E7A4F7556}") = "Univie.Assistant.Crawler.Test", "Univie.Assistant.Crawler.Test\Univie.Assistant.Crawler.Test.csproj", "{EA321755-8C30-44E7-8D76-7467BD85DD86}"
EndProject
Project("{54A90642-561A-4BB1-A94E-469ADEE60C69}") = "Univie.Assistant.Frontend", "Univie.Assistant.Frontend\Univie.Assistant.Frontend.esproj", "{325B9BF9-F7B9-4913-BB13-D813F5824488}"
EndProject
Project("{FAE04EC0-301F-11D3-BF4B-00C04F79EFBC}") = "Univie.Assistant.IndexBuilder", "Univie.Assistant.IndexBuilder\Univie.Assistant.IndexBuilder.csproj", "{229F8CD6-A821-4444-BDEE-98326A4CCA8A}"
EndProject
Global
	GlobalSection(SolutionConfigurationPlatforms) = preSolution
		Debug|Any CPU = Debug|Any CPU
		Release|Any CPU = Release|Any CPU
	EndGlobalSection
	GlobalSection(ProjectConfigurationPlatforms) = postSolution
		{05C19C39-4547-4366-8D93-715CFA923DEE}.Debug|Any CPU.ActiveCfg = Debug|Any CPU
		{05C19C39-4547-4366-8D93-715CFA923DEE}.Debug|Any CPU.Build.0 = Debug|Any CPU
		{05C19C39-4547-4366-8D93-715CFA923DEE}.Release|Any CPU.ActiveCfg = Release|Any CPU
		{05C19C39-4547-4366-8D93-715CFA923DEE}.Release|Any CPU.Build.0 = Release|Any CPU
		{EA321755-8C30-44E7-8D76-7467BD85DD86}.Debug|Any CPU.ActiveCfg = Debug|Any CPU
		{EA321755-8C30-44E7-8D76-7467BD85DD86}.Debug|Any CPU.Build.0 = Debug|Any CPU
		{EA321755-8C30-44E7-8D76-7467BD85DD86}.Release|Any CPU.ActiveCfg = Release|Any CPU
		{EA321755-8C30-44E7-8D76-7467BD85DD86}.Release|Any CPU.Build.0 = Release|Any CPU
		{325B9BF9-F7B9-4913-BB13-D813F5824488}.Debug|Any CPU.ActiveCfg = Debug|Any CPU
		{325B9BF9-F7B9-4913-BB13-D813F5824488}.Debug|Any CPU.Build.0 = Debug|Any CPU
		{325B9BF9-F7B9-4913-BB13-D813F5824488}.Debug|Any CPU.Deploy.0 = Debug|Any CPU
		{325B9BF9-F7B9-4913-BB13-D813F5824488}.Release|Any CPU.ActiveCfg = Release|Any CPU
		{325B9BF9-F7B9-4913-BB13-D813F5824488}.Release|Any CPU.Build.0 = Release|Any CPU
		{325B9BF9-F7B9-4913-BB13-D813F5824488}.Release|Any CPU.Deploy.0 = Release|Any CPU
		{229F8CD6-A821-4444-BDEE-98326A4CCA8A}.Debug|Any CPU.ActiveCfg = Debug|Any CPU
		{229F8CD6-A821-4444-BDEE-98326A4CCA8A}.Debug|Any CPU.Build.0 = Debug|Any CPU
		{229F8CD6-A821-4444-BDEE-98326A4CCA8A}.Release|Any CPU.ActiveCfg = Release|Any CPU
		{229F8CD6-A821-4444-BDEE-98326A4CCA8A}.Release|Any CPU.Build.0 = Release|Any CPU
	EndGlobalSection
	GlobalSection(SolutionProperties) = preSolution
		HideSolutionNode = FALSE
	EndGlobalSection
	GlobalSection(ExtensibilityGlobals) = postSolution
		SolutionGuid = {5F7A10B8-78DA-4DD6-A8D1-7B1B66A91889}
	EndGlobalSection
EndGlobal
